Microsoft Visual Studio Solution File, Format Version 11.00
# Visual Studio 2008

Project("{DD3C9296-BF18-391E-1884-2F82460424D2}") = "survivalj", "Assembly-CSharp.csproj", "{2CA0106F-402B-92B7-E951-F1C74875A67A}"
EndProject
Project("{DD3C9296-BF18-391E-1884-2F82460424D2}") = "survivalj", "Assembly-CSharp-Editor.csproj", "{F49B0836-B457-6616-A8F3-0CEDA9E85308}"
EndProject
Global
	GlobalSection(SolutionConfigurationPlatforms) = preSolution
		Debug|Any CPU = Debug|Any CPU
		Release|Any CPU = Release|Any CPU
	EndGlobalSection
	GlobalSection(ProjectConfigurationPlatforms) = postSolution
		{2CA0106F-402B-92B7-E951-F1C74875A67A}.Debug|Any CPU.ActiveCfg = Debug|Any CPU
		{2CA0106F-402B-92B7-E951-F1C74875A67A}.Debug|Any CPU.Build.0 = Debug|Any CPU
		{2CA0106F-402B-92B7-E951-F1C74875A67A}.Release|Any CPU.ActiveCfg = Release|Any CPU
		{2CA0106F-402B-92B7-E951-F1C74875A67A}.Release|Any CPU.Build.0 = Release|Any CPU
		{F49B0836-B457-6616-A8F3-0CEDA9E85308}.Debug|Any CPU.ActiveCfg = Debug|Any CPU
		{F49B0836-B457-6616-A8F3-0CEDA9E85308}.Debug|Any CPU.Build.0 = Debug|Any CPU
		{F49B0836-B457-6616-A8F3-0CEDA9E85308}.Release|Any CPU.ActiveCfg = Release|Any CPU
		{F49B0836-B457-6616-A8F3-0CEDA9E85308}.Release|Any CPU.Build.0 = Release|Any CPU
	EndGlobalSection
	GlobalSection(SolutionProperties) = preSolution
		HideSolutionNode = FALSE
	EndGlobalSection
	GlobalSection(MonoDevelopProperties) = preSolution
		StartupItem = Assembly-CSharp.csproj
	EndGlobalSection
EndGlobal
